// !$*UTF8*$!
{
	archiveVersion = 1;
	classes = {
	};
	objectVersion = 46;
	objects = {

/* Begin PBXBuildFile section */
		EC04087316081A1B00ACB130 /* UIKit.framework in Frameworks */ = {isa = PBXBuildFile; fileRef = EC04087216081A1B00ACB130 /* UIKit.framework */; };
		EC04087516081A1B00ACB130 /* Foundation.framework in Frameworks */ = {isa = PBXBuildFile; fileRef = EC04087416081A1B00ACB130 /* Foundation.framework */; };
		EC04087716081A1B00ACB130 /* CoreGraphics.framework in Frameworks */ = {isa = PBXBuildFile; fileRef = EC04087616081A1B00ACB130 /* CoreGraphics.framework */; };
		EC04087D16081A1B00ACB130 /* InfoPlist.strings in Resources */ = {isa = PBXBuildFile; fileRef = EC04087B16081A1B00ACB130 /* InfoPlist.strings */; };
		EC04087F16081A1B00ACB130 /* main.m in Sources */ = {isa = PBXBuildFile; fileRef = EC04087E16081A1B00ACB130 /* main.m */; };
		EC04088316081A1B00ACB130 /* AppDelegate.m in Sources */ = {isa = PBXBuildFile; fileRef = EC04088216081A1B00ACB130 /* AppDelegate.m */; };
		EC04088616081A1B00ACB130 /* ViewController.m in Sources */ = {isa = PBXBuildFile; fileRef = EC04088516081A1B00ACB130 /* ViewController.m */; };
		EC04088916081A1B00ACB130 /* ViewController.xib in Resources */ = {isa = PBXBuildFile; fileRef = EC04088716081A1B00ACB130 /* ViewController.xib */; };
		EC0408951608302E00ACB130 /* DecoratorImgView.h in Sources */ = {isa = PBXBuildFile; fileRef = EC0408931608302E00ACB130 /* DecoratorImgView.h */; };
		EC0408961608302E00ACB130 /* DecoratorImgView.m in Sources */ = {isa = PBXBuildFile; fileRef = EC0408941608302E00ACB130 /* DecoratorImgView.m */; };
		ECE486F716084A770022996A /* 1.jpg in Resources */ = {isa = PBXBuildFile; fileRef = ECE486F616084A770022996A /* 1.jpg */; };
/* End PBXBuildFile section */

/* Begin PBXFileReference section */
		EC04086E16081A1B00ACB130 /* ImgApp.app */ = {isa = PBXFileReference; explicitFileType = wrapper.application; includeInIndex = 0; path = ImgApp.app; sourceTree = BUILT_PRODUCTS_DIR; };
		EC04087216081A1B00ACB130 /* UIKit.framework */ = {isa = PBXFileReference; lastKnownFileType = wrapper.framework; name = UIKit.framework; path = System/Library/Frameworks/UIKit.framework; sourceTree = SDKROOT; };
		EC04087416081A1B00ACB130 /* Foundation.framework */ = {isa = PBXFileReference; lastKnownFileType = wrapper.framework; name = Foundation.framework; path = System/Library/Frameworks/Foundation.framework; sourceTree = SDKROOT; };
		EC04087616081A1B00ACB130 /* CoreGraphics.framework */ = {isa = PBXFileReference; lastKnownFileType = wrapper.framework; name = CoreGraphics.framework; path = System/Library/Frameworks/CoreGraphics.framework; sourceTree = SDKROOT; };
		EC04087A16081A1B00ACB130 /* ImgApp-Info.plist */ = {isa = PBXFileReference; lastKnownFileType = text.plist.xml; path = "ImgApp-Info.plist"; sourceTree = "<group>"; };
		EC04087C16081A1B00ACB130 /* en */ = {isa = PBXFileReference; lastKnownFileType = text.plist.strings; name = en; path = en.lproj/InfoPlist.strings; sourceTree = "<group>"; };
		EC04087E16081A1B00ACB130 /* main.m */ = {isa = PBXFileReference; lastKnownFileType = sourcecode.c.objc; path = main.m; sourceTree = "<group>"; };
		EC04088016081A1B00ACB130 /* ImgApp-Prefix.pch */ = {isa = PBXFileReference; lastKnownFileType = sourcecode.c.h; path = "ImgApp-Prefix.pch"; sourceTree = "<group>"; };
		EC04088116081A1B00ACB130 /* AppDelegate.h */ = {isa = PBXFileReference; lastKnownFileType = sourcecode.objj.h; path = AppDelegate.h; sourceTree = "<group>"; };
		EC04088216081A1B00ACB130 /* AppDelegate.m */ = {isa = PBXFileReference; lastKnownFileType = sourcecode.c.objc; path = AppDelegate.m; sourceTree = "<group>"; };
		EC04088416081A1B00ACB130 /* ViewController.h */ = {isa = PBXFileReference; lastKnownFileType = sourcecode.objj.h; path = ViewController.h; sourceTree = "<group>"; };
		EC04088516081A1B00ACB130 /* ViewController.m */ = {isa = PBXFileReference; lastKnownFileType = sourcecode.c.objc; path = ViewController.m; sourceTree = "<group>"; };
		EC04088816081A1B00ACB130 /* en */ = {isa = PBXFileReference; lastKnownFileType = file.xib; name = en; path = en.lproj/ViewController.xib; sourceTree = "<group>"; };
		EC0408931608302E00ACB130 /* DecoratorImgView.h */ = {isa = PBXFileReference; fileEncoding = 4; lastKnownFileType = sourcecode.objj.h; path = DecoratorImgView.h; sourceTree = "<group>"; };
		EC0408941608302E00ACB130 /* DecoratorImgView.m */ = {isa = PBXFileReference; fileEncoding = 4; lastKnownFileType = sourcecode.c.objc; path = DecoratorImgView.m; sourceTree = "<group>"; };
		ECE486F616084A770022996A /* 1.jpg */ = {isa = PBXFileReference; lastKnownFileType = image.jpeg; name = 1.jpg; path = ../1.jpg; sourceTree = "<group>"; };
/* End PBXFileReference section */

/* Begin PBXFrameworksBuildPhase section */
		EC04086B16081A1B00ACB130 /* Frameworks */ = {
			isa = PBXFrameworksBuildPhase;
			buildActionMask = 2147483647;
			files = (
				EC04087316081A1B00ACB130 /* UIKit.framework in Frameworks */,
				EC04087516081A1B00ACB130 /* Foundation.framework in Frameworks */,
				EC04087716081A1B00ACB130 /* CoreGraphics.framework in Frameworks */,
			);
			runOnlyForDeploymentPostprocessing = 0;
		};
/* End PBXFrameworksBuildPhase section */

/* Begin PBXGroup section */
		EC04086316081A1B00ACB130 = {
			isa = PBXGroup;
			children = (
				EC04087816081A1B00ACB130 /* ImgApp */,
				EC04087116081A1B00ACB130 /* Frameworks */,
				EC04086F16081A1B00ACB130 /* Products */,
			);
			sourceTree = "<group>";
		};
		EC04086F16081A1B00ACB130 /* Products */ = {
			isa = PBXGroup;
			children = (
				EC04086E16081A1B00ACB130 /* ImgApp.app */,
			);
			name = Products;
			sourceTree = "<group>";
		};
		EC04087116081A1B00ACB130 /* Frameworks */ = {
			isa = PBXGroup;
			children = (
				EC04087216081A1B00ACB130 /* UIKit.framework */,
				EC04087416081A1B00ACB130 /* Foundation.framework */,
				EC04087616081A1B00ACB130 /* CoreGraphics.framework */,
			);
			name = Frameworks;
			sourceTree = "<group>";
		};
		EC04087816081A1B00ACB130 /* ImgApp */ = {
			isa = PBXGroup;
			children = (
				ECE486F916084A880022996A /* Resources */,
				EC04088116081A1B00ACB130 /* AppDelegate.h */,
				EC04088216081A1B00ACB130 /* AppDelegate.m */,
				EC04088416081A1B00ACB130 /* ViewController.h */,
				EC04088516081A1B00ACB130 /* ViewController.m */,
				EC04088716081A1B00ACB130 /* ViewController.xib */,
				EC04087916081A1B00ACB130 /* Supporting Files */,
				EC0408931608302E00ACB130 /* DecoratorImgView.h */,
				EC0408941608302E00ACB130 /* DecoratorImgView.m */,
			);
			path = ImgApp;
			sourceTree = "<group>";
		};
		EC04087916081A1B00ACB130 /* Supporting Files */ = {
			isa = PBXGroup;
			children = (
				EC04087A16081A1B00ACB130 /* ImgApp-Info.plist */,
				EC04087B16081A1B00ACB130 /* InfoPlist.strings */,
				EC04087E16081A1B00ACB130 /* main.m */,
				EC04088016081A1B00ACB130 /* ImgApp-Prefix.pch */,
			);
			name = "Supporting Files";
			sourceTree = "<group>";
		};
		ECE486F916084A880022996A /* Resources */ = {
			isa = PBXGroup;
			children = (
				ECE486F616084A770022996A /* 1.jpg */,
			);
			name = Resources;
			sourceTree = "<group>";
		};
/* End PBXGroup section */

/* Begin PBXNativeTarget section */
		EC04086D16081A1B00ACB130 /* ImgApp */ = {
			isa = PBXNativeTarget;
			buildConfigurationList = EC04088C16081A1B00ACB130 /* Build configuration list for PBXNativeTarget "ImgApp" */;
			buildPhases = (
				EC04086A16081A1B00ACB130 /* Sources */,
				EC04086B16081A1B00ACB130 /* Frameworks */,
				EC04086C16081A1B00ACB130 /* Resources */,
			);
			buildRules = (
			);
			dependencies = (
			);
			name = ImgApp;
			productName = ImgApp;
			productReference = EC04086E16081A1B00ACB130 /* ImgApp.app */;
			productType = "com.apple.product-type.application";
		};
/* End PBXNativeTarget section */

/* Begin PBXProject section */
		EC04086516081A1B00ACB130 /* Project object */ = {
			isa = PBXProject;
			attributes = {
				LastUpgradeCheck = 0440;
				ORGANIZATIONNAME = "缪 和光";
			};
			buildConfigurationList = EC04086816081A1B00ACB130 /* Build configuration list for PBXProject "ImgApp" */;
			compatibilityVersion = "Xcode 3.2";
			developmentRegion = English;
			hasScannedForEncodings = 0;
			knownRegions = (
				en,
			);
			mainGroup = EC04086316081A1B00ACB130;
			productRefGroup = EC04086F16081A1B00ACB130 /* Products */;
			projectDirPath = "";
			projectRoot = "";
			targets = (
				EC04086D16081A1B00ACB130 /* ImgApp */,
			);
		};
/* End PBXProject section */

/* Begin PBXResourcesBuildPhase section */
		EC04086C16081A1B00ACB130 /* Resources */ = {
			isa = PBXResourcesBuildPhase;
			buildActionMask = 2147483647;
			files = (
				EC04087D16081A1B00ACB130 /* InfoPlist.strings in Resources */,
				EC04088916081A1B00ACB130 /* ViewController.xib in Resources */,
				ECE486F716084A770022996A /* 1.jpg in Resources */,
			);
			runOnlyForDeploymentPostprocessing = 0;
		};
/* End PBXResourcesBuildPhase section */

/* Begin PBXSourcesBuildPhase section */
		EC04086A16081A1B00ACB130 /* Sources */ = {
			isa = PBXSourcesBuildPhase;
			buildActionMask = 2147483647;
			files = (
				EC04087F16081A1B00ACB130 /* main.m in Sources */,
				EC04088316081A1B00ACB130 /* AppDelegate.m in Sources */,
				EC04088616081A1B00ACB130 /* ViewController.m in Sources */,
				EC0408951608302E00ACB130 /* DecoratorImgView.h in Sources */,
				EC0408961608302E00ACB130 /* DecoratorImgView.m in Sources */,
			);
			runOnlyForDeploymentPostprocessing = 0;
		};
/* End PBXSourcesBuildPhase section */

/* Begin PBXVariantGroup section */
		EC04087B16081A1B00ACB130 /* InfoPlist.strings */ = {
			isa = PBXVariantGroup;
			children = (
				EC04087C16081A1B00ACB130 /* en */,
			);
			name = InfoPlist.strings;
			sourceTree = "<group>";
		};
		EC04088716081A1B00ACB130 /* ViewController.xib */ = {
			isa = PBXVariantGroup;
			children = (
				EC04088816081A1B00ACB130 /* en */,
			);
			name = ViewController.xib;
			sourceTree = "<group>";
		};
/* End PBXVariantGroup section */

/* Begin XCBuildConfiguration section */
		EC04088A16081A1B00ACB130 /* Debug */ = {
			isa = XCBuildConfiguration;
			buildSettings = {
				ALWAYS_SEARCH_USER_PATHS = NO;
				ARCHS = "$(ARCHS_STANDARD_32_BIT)";
				CLANG_CXX_LANGUAGE_STANDARD = "gnu++0x";
				CLANG_ENABLE_OBJC_ARC = YES;
				CLANG_WARN__DUPLICATE_METHOD_MATCH = YES;
				"CODE_SIGN_IDENTITY[sdk=iphoneos*]" = "iPhone Developer";
				COPY_PHASE_STRIP = NO;
				GCC_C_LANGUAGE_STANDARD = gnu99;
				GCC_DYNAMIC_NO_PIC = NO;
				GCC_OPTIMIZATION_LEVEL = 0;
				GCC_PREPROCESSOR_DEFINITIONS = (
					"DEBUG=1",
					"$(inherited)",
				);
				GCC_SYMBOLS_PRIVATE_EXTERN = NO;
				GCC_VERSION = com.apple.compilers.llvm.clang.1_0;
				GCC_WARN_ABOUT_RETURN_TYPE = YES;
				GCC_WARN_UNINITIALIZED_AUTOS = YES;
				GCC_WARN_UNUSED_VARIABLE = YES;
				IPHONEOS_DEPLOYMENT_TARGET = 5.1;
				SDKROOT = iphoneos;
			};
			name = Debug;
		};
		EC04088B16081A1B00ACB130 /* Release */ = {
			isa = XCBuildConfiguration;
			buildSettings = {
				ALWAYS_SEARCH_USER_PATHS = NO;
				ARCHS = "$(ARCHS_STANDARD_32_BIT)";
				CLANG_CXX_LANGUAGE_STANDARD = "gnu++0x";
				CLANG_ENABLE_OBJC_ARC = YES;
				CLANG_WARN__DUPLICATE_METHOD_MATCH = YES;
				"CODE_SIGN_IDENTITY[sdk=iphoneos*]" = "iPhone Developer";
				COPY_PHASE_STRIP = YES;
				GCC_C_LANGUAGE_STANDARD = gnu99;
				GCC_VERSION = com.apple.compilers.llvm.clang.1_0;
				GCC_WARN_ABOUT_RETURN_TYPE = YES;
				GCC_WARN_UNINITIALIZED_AUTOS = YES;
				GCC_WARN_UNUSED_VARIABLE = YES;
				IPHONEOS_DEPLOYMENT_TARGET = 5.1;
				OTHER_CFLAGS = "-DNS_BLOCK_ASSERTIONS=1";
				SDKROOT = iphoneos;
				VALIDATE_PRODUCT = YES;
			};
			name = Release;
		};
		EC04088D16081A1B00ACB130 /* Debug */ = {
			isa = XCBuildConfiguration;
			buildSettings = {
				GCC_PRECOMPILE_PREFIX_HEADER = YES;
				GCC_PREFIX_HEADER = "ImgApp/ImgApp-Prefix.pch";
				INFOPLIST_FILE = "ImgApp/ImgApp-Info.plist";
				PRODUCT_NAME = "$(TARGET_NAME)";
				WRAPPER_EXTENSION = app;
			};
			name = Debug;
		};
		EC04088E16081A1B00ACB130 /* Release */ = {
			isa = XCBuildConfiguration;
			buildSettings = {
				GCC_PRECOMPILE_PREFIX_HEADER = YES;
				GCC_PREFIX_HEADER = "ImgApp/ImgApp-Prefix.pch";
				INFOPLIST_FILE = "ImgApp/ImgApp-Info.plist";
				PRODUCT_NAME = "$(TARGET_NAME)";
				WRAPPER_EXTENSION = app;
			};
			name = Release;
		};
/* End XCBuildConfiguration section */

/* Begin XCConfigurationList section */
		EC04086816081A1B00ACB130 /* Build configuration list for PBXProject "ImgApp" */ = {
			isa = XCConfigurationList;
			buildConfigurations = (
				EC04088A16081A1B00ACB130 /* Debug */,
				EC04088B16081A1B00ACB130 /* Release */,
			);
			defaultConfigurationIsVisible = 0;
			defaultConfigurationName = Release;
		};
		EC04088C16081A1B00ACB130 /* Build configuration list for PBXNativeTarget "ImgApp" */ = {
			isa = XCConfigurationList;
			buildConfigurations = (
				EC04088D16081A1B00ACB130 /* Debug */,
				EC04088E16081A1B00ACB130 /* Release */,
			);
			defaultConfigurationIsVisible = 0;
			defaultConfigurationName = Release;
		};
/* End XCConfigurationList section */
	};
	rootObject = EC04086516081A1B00ACB130 /* Project object */;
}
