// !$*UTF8*$!
{
	archiveVersion = 1;
	classes = {
	};
	objectVersion = 46;
	objects = {

/* Begin PBXBuildFile section */
		A45A58A514E9158F003A215C /* AvatarLoader.m in Sources */ = {isa = PBXBuildFile; fileRef = A45A58A414E9158F003A215C /* AvatarLoader.m */; };
		A45E874D14EB3C5700899223 /* PullRefreshTableViewController.m in Sources */ = {isa = PBXBuildFile; fileRef = A45E874C14EB3C5700899223 /* PullRefreshTableViewController.m */; };
		A45E874F14EB3C6200899223 /* arrow.png in Resources */ = {isa = PBXBuildFile; fileRef = A45E874E14EB3C6200899223 /* arrow.png */; };
		A45E875214EB3C9E00899223 /* QuartzCore.framework in Frameworks */ = {isa = PBXBuildFile; fileRef = A45E875114EB3C9E00899223 /* QuartzCore.framework */; };
		A45E876F14EB4C8300899223 /* anonymous.png in Resources */ = {isa = PBXBuildFile; fileRef = A45E876E14EB4C8300899223 /* anonymous.png */; };
		A478278D14E79C690040FAB8 /* MyTableViewController.m in Sources */ = {isa = PBXBuildFile; fileRef = A478278B14E79C690040FAB8 /* MyTableViewController.m */; };
		A478278E14E79C690040FAB8 /* MyTableViewController.xib in Resources */ = {isa = PBXBuildFile; fileRef = A478278C14E79C690040FAB8 /* MyTableViewController.xib */; };
		A47827BA14E7E00B0040FAB8 /* JSONKit.m in Sources */ = {isa = PBXBuildFile; fileRef = A47827B914E7E00B0040FAB8 /* JSONKit.m */; };
		A47828E514E90B4B0040FAB8 /* MyHttpClient.m in Sources */ = {isa = PBXBuildFile; fileRef = A47828E414E90B4A0040FAB8 /* MyHttpClient.m */; };
		A47828E814E90CBF0040FAB8 /* TimelineGetter.m in Sources */ = {isa = PBXBuildFile; fileRef = A47828E714E90CBF0040FAB8 /* TimelineGetter.m */; };
		A496B76914E78E76009E8D14 /* UIKit.framework in Frameworks */ = {isa = PBXBuildFile; fileRef = A496B76814E78E76009E8D14 /* UIKit.framework */; };
		A496B76B14E78E76009E8D14 /* Foundation.framework in Frameworks */ = {isa = PBXBuildFile; fileRef = A496B76A14E78E76009E8D14 /* Foundation.framework */; };
		A496B76D14E78E76009E8D14 /* CoreGraphics.framework in Frameworks */ = {isa = PBXBuildFile; fileRef = A496B76C14E78E76009E8D14 /* CoreGraphics.framework */; };
		A496B77314E78E76009E8D14 /* InfoPlist.strings in Resources */ = {isa = PBXBuildFile; fileRef = A496B77114E78E76009E8D14 /* InfoPlist.strings */; };
		A496B77514E78E76009E8D14 /* main.m in Sources */ = {isa = PBXBuildFile; fileRef = A496B77414E78E76009E8D14 /* main.m */; };
		A496B77914E78E76009E8D14 /* simple_weibo_testAppDelegate.m in Sources */ = {isa = PBXBuildFile; fileRef = A496B77814E78E76009E8D14 /* simple_weibo_testAppDelegate.m */; };
		A496B77C14E78E76009E8D14 /* MainWindow.xib in Resources */ = {isa = PBXBuildFile; fileRef = A496B77A14E78E76009E8D14 /* MainWindow.xib */; };
		A4EEB65414EE915A00476A39 /* TencentMessage.m in Sources */ = {isa = PBXBuildFile; fileRef = A4EEB65314EE915A00476A39 /* TencentMessage.m */; };
		A4EEB65B14EEA34600476A39 /* TencentTimeline.m in Sources */ = {isa = PBXBuildFile; fileRef = A4EEB65A14EEA34600476A39 /* TencentTimeline.m */; };
		A4EEB65F14EEA9D800476A39 /* StatusCell.xib in Resources */ = {isa = PBXBuildFile; fileRef = A4EEB65E14EEA9D800476A39 /* StatusCell.xib */; };
		A4EEB66214EF4D2000476A39 /* StatusCell.m in Sources */ = {isa = PBXBuildFile; fileRef = A4EEB66114EF4D2000476A39 /* StatusCell.m */; };
		A4EEB69614EFAB7100476A39 /* defaultImg.png in Resources */ = {isa = PBXBuildFile; fileRef = A4EEB69514EFAB7100476A39 /* defaultImg.png */; };
		A4EEB69914EFC32800476A39 /* PictureDownloader.m in Sources */ = {isa = PBXBuildFile; fileRef = A4EEB69814EFC32800476A39 /* PictureDownloader.m */; };
/* End PBXBuildFile section */

/* Begin PBXFileReference section */
		A45A58A314E9158F003A215C /* AvatarLoader.h */ = {isa = PBXFileReference; fileEncoding = 4; lastKnownFileType = sourcecode.c.h; path = AvatarLoader.h; sourceTree = "<group>"; };
		A45A58A414E9158F003A215C /* AvatarLoader.m */ = {isa = PBXFileReference; fileEncoding = 4; lastKnownFileType = sourcecode.c.objc; path = AvatarLoader.m; sourceTree = "<group>"; };
		A45E874B14EB3C5700899223 /* PullRefreshTableViewController.h */ = {isa = PBXFileReference; fileEncoding = 4; lastKnownFileType = sourcecode.c.h; name = PullRefreshTableViewController.h; path = ../PullRefreshTableViewController.h; sourceTree = "<group>"; };
		A45E874C14EB3C5700899223 /* PullRefreshTableViewController.m */ = {isa = PBXFileReference; fileEncoding = 4; lastKnownFileType = sourcecode.c.objc; name = PullRefreshTableViewController.m; path = ../PullRefreshTableViewController.m; sourceTree = "<group>"; };
		A45E874E14EB3C6200899223 /* arrow.png */ = {isa = PBXFileReference; lastKnownFileType = image.png; name = arrow.png; path = ../arrow.png; sourceTree = "<group>"; };
		A45E875114EB3C9E00899223 /* QuartzCore.framework */ = {isa = PBXFileReference; lastKnownFileType = wrapper.framework; name = QuartzCore.framework; path = System/Library/Frameworks/QuartzCore.framework; sourceTree = SDKROOT; };
		A45E876E14EB4C8300899223 /* anonymous.png */ = {isa = PBXFileReference; lastKnownFileType = image.png; path = anonymous.png; sourceTree = "<group>"; };
		A478278A14E79C690040FAB8 /* MyTableViewController.h */ = {isa = PBXFileReference; fileEncoding = 4; lastKnownFileType = sourcecode.c.h; path = MyTableViewController.h; sourceTree = "<group>"; };
		A478278B14E79C690040FAB8 /* MyTableViewController.m */ = {isa = PBXFileReference; fileEncoding = 4; lastKnownFileType = sourcecode.c.objc; path = MyTableViewController.m; sourceTree = "<group>"; };
		A478278C14E79C690040FAB8 /* MyTableViewController.xib */ = {isa = PBXFileReference; fileEncoding = 4; lastKnownFileType = file.xib; path = MyTableViewController.xib; sourceTree = "<group>"; };
		A478278F14E7A0420040FAB8 /* WeiboUIDelegate.h */ = {isa = PBXFileReference; fileEncoding = 4; lastKnownFileType = sourcecode.c.h; path = WeiboUIDelegate.h; sourceTree = "<group>"; };
		A47827B814E7E00B0040FAB8 /* JSONKit.h */ = {isa = PBXFileReference; fileEncoding = 4; lastKnownFileType = sourcecode.c.h; path = JSONKit.h; sourceTree = "<group>"; };
		A47827B914E7E00B0040FAB8 /* JSONKit.m */ = {isa = PBXFileReference; fileEncoding = 4; lastKnownFileType = sourcecode.c.objc; path = JSONKit.m; sourceTree = "<group>"; };
		A47828E314E90B4A0040FAB8 /* MyHttpClient.h */ = {isa = PBXFileReference; fileEncoding = 4; lastKnownFileType = sourcecode.c.h; path = MyHttpClient.h; sourceTree = "<group>"; };
		A47828E414E90B4A0040FAB8 /* MyHttpClient.m */ = {isa = PBXFileReference; fileEncoding = 4; lastKnownFileType = sourcecode.c.objc; path = MyHttpClient.m; sourceTree = "<group>"; };
		A47828E614E90CBF0040FAB8 /* TimelineGetter.h */ = {isa = PBXFileReference; fileEncoding = 4; lastKnownFileType = sourcecode.c.h; path = TimelineGetter.h; sourceTree = "<group>"; };
		A47828E714E90CBF0040FAB8 /* TimelineGetter.m */ = {isa = PBXFileReference; fileEncoding = 4; lastKnownFileType = sourcecode.c.objc; path = TimelineGetter.m; sourceTree = "<group>"; };
		A496B76414E78E76009E8D14 /* simple_weibo_test.app */ = {isa = PBXFileReference; explicitFileType = wrapper.application; includeInIndex = 0; path = simple_weibo_test.app; sourceTree = BUILT_PRODUCTS_DIR; };
		A496B76814E78E76009E8D14 /* UIKit.framework */ = {isa = PBXFileReference; lastKnownFileType = wrapper.framework; name = UIKit.framework; path = System/Library/Frameworks/UIKit.framework; sourceTree = SDKROOT; };
		A496B76A14E78E76009E8D14 /* Foundation.framework */ = {isa = PBXFileReference; lastKnownFileType = wrapper.framework; name = Foundation.framework; path = System/Library/Frameworks/Foundation.framework; sourceTree = SDKROOT; };
		A496B76C14E78E76009E8D14 /* CoreGraphics.framework */ = {isa = PBXFileReference; lastKnownFileType = wrapper.framework; name = CoreGraphics.framework; path = System/Library/Frameworks/CoreGraphics.framework; sourceTree = SDKROOT; };
		A496B77014E78E76009E8D14 /* simple_weibo_test-Info.plist */ = {isa = PBXFileReference; lastKnownFileType = text.plist.xml; path = "simple_weibo_test-Info.plist"; sourceTree = "<group>"; };
		A496B77214E78E76009E8D14 /* en */ = {isa = PBXFileReference; lastKnownFileType = text.plist.strings; name = en; path = en.lproj/InfoPlist.strings; sourceTree = "<group>"; };
		A496B77414E78E76009E8D14 /* main.m */ = {isa = PBXFileReference; lastKnownFileType = sourcecode.c.objc; path = main.m; sourceTree = "<group>"; };
		A496B77614E78E76009E8D14 /* simple_weibo_test-Prefix.pch */ = {isa = PBXFileReference; lastKnownFileType = sourcecode.c.h; path = "simple_weibo_test-Prefix.pch"; sourceTree = "<group>"; };
		A496B77714E78E76009E8D14 /* simple_weibo_testAppDelegate.h */ = {isa = PBXFileReference; lastKnownFileType = sourcecode.c.h; path = simple_weibo_testAppDelegate.h; sourceTree = "<group>"; };
		A496B77814E78E76009E8D14 /* simple_weibo_testAppDelegate.m */ = {isa = PBXFileReference; lastKnownFileType = sourcecode.c.objc; path = simple_weibo_testAppDelegate.m; sourceTree = "<group>"; };
		A496B77B14E78E76009E8D14 /* en */ = {isa = PBXFileReference; lastKnownFileType = file.xib; name = en; path = en.lproj/MainWindow.xib; sourceTree = "<group>"; };
		A4EEB65214EE915A00476A39 /* TencentMessage.h */ = {isa = PBXFileReference; fileEncoding = 4; lastKnownFileType = sourcecode.c.h; path = TencentMessage.h; sourceTree = "<group>"; };
		A4EEB65314EE915A00476A39 /* TencentMessage.m */ = {isa = PBXFileReference; fileEncoding = 4; lastKnownFileType = sourcecode.c.objc; path = TencentMessage.m; sourceTree = "<group>"; };
		A4EEB65914EEA34600476A39 /* TencentTimeline.h */ = {isa = PBXFileReference; fileEncoding = 4; lastKnownFileType = sourcecode.c.h; path = TencentTimeline.h; sourceTree = "<group>"; };
		A4EEB65A14EEA34600476A39 /* TencentTimeline.m */ = {isa = PBXFileReference; fileEncoding = 4; lastKnownFileType = sourcecode.c.objc; path = TencentTimeline.m; sourceTree = "<group>"; };
		A4EEB65E14EEA9D800476A39 /* StatusCell.xib */ = {isa = PBXFileReference; fileEncoding = 4; lastKnownFileType = file.xib; path = StatusCell.xib; sourceTree = "<group>"; };
		A4EEB66014EF4D2000476A39 /* StatusCell.h */ = {isa = PBXFileReference; fileEncoding = 4; lastKnownFileType = sourcecode.c.h; path = StatusCell.h; sourceTree = "<group>"; };
		A4EEB66114EF4D2000476A39 /* StatusCell.m */ = {isa = PBXFileReference; fileEncoding = 4; lastKnownFileType = sourcecode.c.objc; path = StatusCell.m; sourceTree = "<group>"; };
		A4EEB69514EFAB7100476A39 /* defaultImg.png */ = {isa = PBXFileReference; lastKnownFileType = image.png; path = defaultImg.png; sourceTree = "<group>"; };
		A4EEB69714EFC32800476A39 /* PictureDownloader.h */ = {isa = PBXFileReference; fileEncoding = 4; lastKnownFileType = sourcecode.c.h; path = PictureDownloader.h; sourceTree = "<group>"; };
		A4EEB69814EFC32800476A39 /* PictureDownloader.m */ = {isa = PBXFileReference; fileEncoding = 4; lastKnownFileType = sourcecode.c.objc; path = PictureDownloader.m; sourceTree = "<group>"; };
/* End PBXFileReference section */

/* Begin PBXFrameworksBuildPhase section */
		A496B76114E78E76009E8D14 /* Frameworks */ = {
			isa = PBXFrameworksBuildPhase;
			buildActionMask = 2147483647;
			files = (
				A45E875214EB3C9E00899223 /* QuartzCore.framework in Frameworks */,
				A496B76914E78E76009E8D14 /* UIKit.framework in Frameworks */,
				A496B76B14E78E76009E8D14 /* Foundation.framework in Frameworks */,
				A496B76D14E78E76009E8D14 /* CoreGraphics.framework in Frameworks */,
			);
			runOnlyForDeploymentPostprocessing = 0;
		};
/* End PBXFrameworksBuildPhase section */

/* Begin PBXGroup section */
		A45E875014EB3C6700899223 /* PullRefreshTableViewController */ = {
			isa = PBXGroup;
			children = (
				A45E874B14EB3C5700899223 /* PullRefreshTableViewController.h */,
				A45E874C14EB3C5700899223 /* PullRefreshTableViewController.m */,
			);
			name = PullRefreshTableViewController;
			sourceTree = "<group>";
		};
		A45E876B14EB4C5C00899223 /* resources */ = {
			isa = PBXGroup;
			children = (
				A4EEB69514EFAB7100476A39 /* defaultImg.png */,
				A45E876E14EB4C8300899223 /* anonymous.png */,
				A45E874E14EB3C6200899223 /* arrow.png */,
			);
			name = resources;
			sourceTree = "<group>";
		};
		A478279014E7A1010040FAB8 /* Network */ = {
			isa = PBXGroup;
			children = (
				A478278F14E7A0420040FAB8 /* WeiboUIDelegate.h */,
				A47828E314E90B4A0040FAB8 /* MyHttpClient.h */,
				A47828E414E90B4A0040FAB8 /* MyHttpClient.m */,
				A47828E614E90CBF0040FAB8 /* TimelineGetter.h */,
				A47828E714E90CBF0040FAB8 /* TimelineGetter.m */,
				A45A58A314E9158F003A215C /* AvatarLoader.h */,
				A45A58A414E9158F003A215C /* AvatarLoader.m */,
				A4EEB69714EFC32800476A39 /* PictureDownloader.h */,
				A4EEB69814EFC32800476A39 /* PictureDownloader.m */,
			);
			name = Network;
			sourceTree = "<group>";
		};
		A47827A114E7B3260040FAB8 /* JSONKit */ = {
			isa = PBXGroup;
			children = (
				A47827B814E7E00B0040FAB8 /* JSONKit.h */,
				A47827B914E7E00B0040FAB8 /* JSONKit.m */,
			);
			name = JSONKit;
			sourceTree = "<group>";
		};
		A496B75914E78E76009E8D14 = {
			isa = PBXGroup;
			children = (
				A45E875114EB3C9E00899223 /* QuartzCore.framework */,
				A496B76E14E78E76009E8D14 /* simple_weibo_test */,
				A496B76714E78E76009E8D14 /* Frameworks */,
				A496B76514E78E76009E8D14 /* Products */,
			);
			sourceTree = "<group>";
		};
		A496B76514E78E76009E8D14 /* Products */ = {
			isa = PBXGroup;
			children = (
				A496B76414E78E76009E8D14 /* simple_weibo_test.app */,
			);
			name = Products;
			sourceTree = "<group>";
		};
		A496B76714E78E76009E8D14 /* Frameworks */ = {
			isa = PBXGroup;
			children = (
				A496B76814E78E76009E8D14 /* UIKit.framework */,
				A496B76A14E78E76009E8D14 /* Foundation.framework */,
				A496B76C14E78E76009E8D14 /* CoreGraphics.framework */,
			);
			name = Frameworks;
			sourceTree = "<group>";
		};
		A496B76E14E78E76009E8D14 /* simple_weibo_test */ = {
			isa = PBXGroup;
			children = (
				A4EEB65014EE90EE00476A39 /* Model */,
				A4EEB64F14EE90D800476A39 /* Application */,
				A4EEB64E14EE90BA00476A39 /* View */,
				A4EEB64C14EE908F00476A39 /* ViewController */,
				A45E876B14EB4C5C00899223 /* resources */,
				A47827A114E7B3260040FAB8 /* JSONKit */,
				A478279014E7A1010040FAB8 /* Network */,
				A496B76F14E78E76009E8D14 /* Supporting Files */,
			);
			path = simple_weibo_test;
			sourceTree = "<group>";
		};
		A496B76F14E78E76009E8D14 /* Supporting Files */ = {
			isa = PBXGroup;
			children = (
				A496B77014E78E76009E8D14 /* simple_weibo_test-Info.plist */,
				A496B77114E78E76009E8D14 /* InfoPlist.strings */,
				A496B77414E78E76009E8D14 /* main.m */,
				A496B77614E78E76009E8D14 /* simple_weibo_test-Prefix.pch */,
			);
			name = "Supporting Files";
			sourceTree = "<group>";
		};
		A4EEB64C14EE908F00476A39 /* ViewController */ = {
			isa = PBXGroup;
			children = (
				A478278A14E79C690040FAB8 /* MyTableViewController.h */,
				A478278B14E79C690040FAB8 /* MyTableViewController.m */,
				A478278C14E79C690040FAB8 /* MyTableViewController.xib */,
				A45E875014EB3C6700899223 /* PullRefreshTableViewController */,
			);
			name = ViewController;
			sourceTree = "<group>";
		};
		A4EEB64E14EE90BA00476A39 /* View */ = {
			isa = PBXGroup;
			children = (
				A4EEB65D14EEA9B200476A39 /* design */,
				A4EEB66014EF4D2000476A39 /* StatusCell.h */,
				A4EEB66114EF4D2000476A39 /* StatusCell.m */,
			);
			name = View;
			sourceTree = "<group>";
		};
		A4EEB64F14EE90D800476A39 /* Application */ = {
			isa = PBXGroup;
			children = (
				A496B77714E78E76009E8D14 /* simple_weibo_testAppDelegate.h */,
				A496B77814E78E76009E8D14 /* simple_weibo_testAppDelegate.m */,
				A496B77A14E78E76009E8D14 /* MainWindow.xib */,
			);
			name = Application;
			sourceTree = "<group>";
		};
		A4EEB65014EE90EE00476A39 /* Model */ = {
			isa = PBXGroup;
			children = (
				A4EEB65114EE90FD00476A39 /* TencentWeibo */,
			);
			name = Model;
			sourceTree = "<group>";
		};
		A4EEB65114EE90FD00476A39 /* TencentWeibo */ = {
			isa = PBXGroup;
			children = (
				A4EEB65214EE915A00476A39 /* TencentMessage.h */,
				A4EEB65314EE915A00476A39 /* TencentMessage.m */,
				A4EEB65914EEA34600476A39 /* TencentTimeline.h */,
				A4EEB65A14EEA34600476A39 /* TencentTimeline.m */,
			);
			name = TencentWeibo;
			sourceTree = "<group>";
		};
		A4EEB65D14EEA9B200476A39 /* design */ = {
			isa = PBXGroup;
			children = (
				A4EEB65E14EEA9D800476A39 /* StatusCell.xib */,
			);
			name = design;
			sourceTree = "<group>";
		};
/* End PBXGroup section */

/* Begin PBXNativeTarget section */
		A496B76314E78E76009E8D14 /* simple_weibo_test */ = {
			isa = PBXNativeTarget;
			buildConfigurationList = A496B78514E78E76009E8D14 /* Build configuration list for PBXNativeTarget "simple_weibo_test" */;
			buildPhases = (
				A496B76014E78E76009E8D14 /* Sources */,
				A496B76114E78E76009E8D14 /* Frameworks */,
				A496B76214E78E76009E8D14 /* Resources */,
			);
			buildRules = (
			);
			dependencies = (
			);
			name = simple_weibo_test;
			productName = simple_weibo_test;
			productReference = A496B76414E78E76009E8D14 /* simple_weibo_test.app */;
			productType = "com.apple.product-type.application";
		};
/* End PBXNativeTarget section */

/* Begin PBXProject section */
		A496B75B14E78E76009E8D14 /* Project object */ = {
			isa = PBXProject;
			attributes = {
				ORGANIZATIONNAME = "Shanghai University";
			};
			buildConfigurationList = A496B75E14E78E76009E8D14 /* Build configuration list for PBXProject "simple_weibo_test" */;
			compatibilityVersion = "Xcode 3.2";
			developmentRegion = English;
			hasScannedForEncodings = 0;
			knownRegions = (
				en,
			);
			mainGroup = A496B75914E78E76009E8D14;
			productRefGroup = A496B76514E78E76009E8D14 /* Products */;
			projectDirPath = "";
			projectRoot = "";
			targets = (
				A496B76314E78E76009E8D14 /* simple_weibo_test */,
			);
		};
/* End PBXProject section */

/* Begin PBXResourcesBuildPhase section */
		A496B76214E78E76009E8D14 /* Resources */ = {
			isa = PBXResourcesBuildPhase;
			buildActionMask = 2147483647;
			files = (
				A496B77314E78E76009E8D14 /* InfoPlist.strings in Resources */,
				A496B77C14E78E76009E8D14 /* MainWindow.xib in Resources */,
				A478278E14E79C690040FAB8 /* MyTableViewController.xib in Resources */,
				A45E874F14EB3C6200899223 /* arrow.png in Resources */,
				A45E876F14EB4C8300899223 /* anonymous.png in Resources */,
				A4EEB65F14EEA9D800476A39 /* StatusCell.xib in Resources */,
				A4EEB69614EFAB7100476A39 /* defaultImg.png in Resources */,
			);
			runOnlyForDeploymentPostprocessing = 0;
		};
/* End PBXResourcesBuildPhase section */

/* Begin PBXSourcesBuildPhase section */
		A496B76014E78E76009E8D14 /* Sources */ = {
			isa = PBXSourcesBuildPhase;
			buildActionMask = 2147483647;
			files = (
				A496B77514E78E76009E8D14 /* main.m in Sources */,
				A496B77914E78E76009E8D14 /* simple_weibo_testAppDelegate.m in Sources */,
				A478278D14E79C690040FAB8 /* MyTableViewController.m in Sources */,
				A47827BA14E7E00B0040FAB8 /* JSONKit.m in Sources */,
				A47828E514E90B4B0040FAB8 /* MyHttpClient.m in Sources */,
				A47828E814E90CBF0040FAB8 /* TimelineGetter.m in Sources */,
				A45A58A514E9158F003A215C /* AvatarLoader.m in Sources */,
				A45E874D14EB3C5700899223 /* PullRefreshTableViewController.m in Sources */,
				A4EEB65414EE915A00476A39 /* TencentMessage.m in Sources */,
				A4EEB65B14EEA34600476A39 /* TencentTimeline.m in Sources */,
				A4EEB66214EF4D2000476A39 /* StatusCell.m in Sources */,
				A4EEB69914EFC32800476A39 /* PictureDownloader.m in Sources */,
			);
			runOnlyForDeploymentPostprocessing = 0;
		};
/* End PBXSourcesBuildPhase section */

/* Begin PBXVariantGroup section */
		A496B77114E78E76009E8D14 /* InfoPlist.strings */ = {
			isa = PBXVariantGroup;
			children = (
				A496B77214E78E76009E8D14 /* en */,
			);
			name = InfoPlist.strings;
			sourceTree = "<group>";
		};
		A496B77A14E78E76009E8D14 /* MainWindow.xib */ = {
			isa = PBXVariantGroup;
			children = (
				A496B77B14E78E76009E8D14 /* en */,
			);
			name = MainWindow.xib;
			sourceTree = "<group>";
		};
/* End PBXVariantGroup section */

/* Begin XCBuildConfiguration section */
		A496B78314E78E76009E8D14 /* Debug */ = {
			isa = XCBuildConfiguration;
			buildSettings = {
				ALWAYS_SEARCH_USER_PATHS = NO;
				ARCHS = "$(ARCHS_STANDARD_32_BIT)";
				"CODE_SIGN_IDENTITY[sdk=iphoneos*]" = "iPhone Developer";
				COPY_PHASE_STRIP = NO;
				GCC_C_LANGUAGE_STANDARD = gnu99;
				GCC_DYNAMIC_NO_PIC = NO;
				GCC_OPTIMIZATION_LEVEL = 0;
				GCC_PREPROCESSOR_DEFINITIONS = (
					"DEBUG=1",
					"$(inherited)",
				);
				GCC_SYMBOLS_PRIVATE_EXTERN = NO;
				GCC_VERSION = com.apple.compilers.llvmgcc42;
				GCC_WARN_ABOUT_MISSING_PROTOTYPES = YES;
				GCC_WARN_ABOUT_RETURN_TYPE = YES;
				GCC_WARN_UNUSED_VARIABLE = YES;
				IPHONEOS_DEPLOYMENT_TARGET = 4.3;
				SDKROOT = iphoneos;
			};
			name = Debug;
		};
		A496B78414E78E76009E8D14 /* Release */ = {
			isa = XCBuildConfiguration;
			buildSettings = {
				ALWAYS_SEARCH_USER_PATHS = NO;
				ARCHS = "$(ARCHS_STANDARD_32_BIT)";
				"CODE_SIGN_IDENTITY[sdk=iphoneos*]" = "iPhone Developer";
				COPY_PHASE_STRIP = YES;
				GCC_C_LANGUAGE_STANDARD = gnu99;
				GCC_VERSION = com.apple.compilers.llvmgcc42;
				GCC_WARN_ABOUT_MISSING_PROTOTYPES = YES;
				GCC_WARN_ABOUT_RETURN_TYPE = YES;
				GCC_WARN_UNUSED_VARIABLE = YES;
				IPHONEOS_DEPLOYMENT_TARGET = 4.3;
				OTHER_CFLAGS = "-DNS_BLOCK_ASSERTIONS=1";
				SDKROOT = iphoneos;
				VALIDATE_PRODUCT = YES;
			};
			name = Release;
		};
		A496B78614E78E76009E8D14 /* Debug */ = {
			isa = XCBuildConfiguration;
			buildSettings = {
				GCC_PRECOMPILE_PREFIX_HEADER = YES;
				GCC_PREFIX_HEADER = "simple_weibo_test/simple_weibo_test-Prefix.pch";
				INFOPLIST_FILE = "simple_weibo_test/simple_weibo_test-Info.plist";
				PRODUCT_NAME = "$(TARGET_NAME)";
				WRAPPER_EXTENSION = app;
			};
			name = Debug;
		};
		A496B78714E78E76009E8D14 /* Release */ = {
			isa = XCBuildConfiguration;
			buildSettings = {
				GCC_PRECOMPILE_PREFIX_HEADER = YES;
				GCC_PREFIX_HEADER = "simple_weibo_test/simple_weibo_test-Prefix.pch";
				INFOPLIST_FILE = "simple_weibo_test/simple_weibo_test-Info.plist";
				PRODUCT_NAME = "$(TARGET_NAME)";
				WRAPPER_EXTENSION = app;
			};
			name = Release;
		};
/* End XCBuildConfiguration section */

/* Begin XCConfigurationList section */
		A496B75E14E78E76009E8D14 /* Build configuration list for PBXProject "simple_weibo_test" */ = {
			isa = XCConfigurationList;
			buildConfigurations = (
				A496B78314E78E76009E8D14 /* Debug */,
				A496B78414E78E76009E8D14 /* Release */,
			);
			defaultConfigurationIsVisible = 0;
			defaultConfigurationName = Release;
		};
		A496B78514E78E76009E8D14 /* Build configuration list for PBXNativeTarget "simple_weibo_test" */ = {
			isa = XCConfigurationList;
			buildConfigurations = (
				A496B78614E78E76009E8D14 /* Debug */,
				A496B78714E78E76009E8D14 /* Release */,
			);
			defaultConfigurationIsVisible = 0;
			defaultConfigurationName = Release;
		};
/* End XCConfigurationList section */
	};
	rootObject = A496B75B14E78E76009E8D14 /* Project object */;
}
